
Microsoft Visual Studio Solution File, Format Version 12.00
# Visual Studio 15
VisualStudioVersion = 15.0.27703.2035
MinimumVisualStudioVersion = 10.0.40219.1
Project("{FAE04EC0-301F-11D3-BF4B-00C04F79EFBC}") = "OnlineExamTest", "OnlineExamTest\OnlineExamTest.csproj", "{D8B7DEA7-9AC5-4B98-B2B3-92F90F10B82D}"
EndProject
Project("{FAE04EC0-301F-11D3-BF4B-00C04F79EFBC}") = "TestFramework", "TestFramework\TestFramework.csproj", "{F022B272-FCE4-4BA9-BF6F-8DE93B0E689B}"
EndProject
Global
	GlobalSection(SolutionConfigurationPlatforms) = preSolution
		Debug|Any CPU = Debug|Any CPU
		Release|Any CPU = Release|Any CPU
	EndGlobalSection
	GlobalSection(ProjectConfigurationPlatforms) = postSolution
		{D8B7DEA7-9AC5-4B98-B2B3-92F90F10B82D}.Debug|Any CPU.ActiveCfg = Debug|Any CPU
		{D8B7DEA7-9AC5-4B98-B2B3-92F90F10B82D}.Debug|Any CPU.Build.0 = Debug|Any CPU
		{D8B7DEA7-9AC5-4B98-B2B3-92F90F10B82D}.Release|Any CPU.ActiveCfg = Release|Any CPU
		{D8B7DEA7-9AC5-4B98-B2B3-92F90F10B82D}.Release|Any CPU.Build.0 = Release|Any CPU
		{F022B272-FCE4-4BA9-BF6F-8DE93B0E689B}.Debug|Any CPU.ActiveCfg = Debug|Any CPU
		{F022B272-FCE4-4BA9-BF6F-8DE93B0E689B}.Debug|Any CPU.Build.0 = Debug|Any CPU
		{F022B272-FCE4-4BA9-BF6F-8DE93B0E689B}.Release|Any CPU.ActiveCfg = Release|Any CPU
		{F022B272-FCE4-4BA9-BF6F-8DE93B0E689B}.Release|Any CPU.Build.0 = Release|Any CPU
	EndGlobalSection
	GlobalSection(SolutionProperties) = preSolution
		HideSolutionNode = FALSE
	EndGlobalSection
	GlobalSection(ExtensibilityGlobals) = postSolution
		SolutionGuid = {6CA6393F-4E61-4596-846B-66C2557D6D95}
	EndGlobalSection
EndGlobal
